
Microsoft Visual Studio Solution File, Format Version 12.00
# Visual Studio Version 16
VisualStudioVersion = 16.0.31702.278
MinimumVisualStudioVersion = 10.0.40219.1
Project("{FAE04EC0-301F-11D3-BF4B-00C04F79EFBC}") = "HelloWorld", "HelloWorld\HelloWorld.csproj", "{96D47B0F-D307-478E-ACA4-B29ED1C18933}"
EndProject
Project("{FAE04EC0-301F-11D3-BF4B-00C04F79EFBC}") = "szorzoTabla", "szorzoTabla\szorzoTabla.csproj", "{69B8D901-CB07-47C2-B2D3-647642C60240}"
EndProject
Project("{FAE04EC0-301F-11D3-BF4B-00C04F79EFBC}") = "KoPapirOllo", "KoPapirOllo\KoPapirOllo.csproj", "{4C473777-BE6F-4594-9FB1-EC1F338F93A0}"
EndProject
Project("{FAE04EC0-301F-11D3-BF4B-00C04F79EFBC}") = "Szamkitalalo", "Szamkitalalo\Szamkitalalo.csproj", "{2B5F81BF-B08B-4828-91A6-4D187E233FA5}"
EndProject
Project("{FAE04EC0-301F-11D3-BF4B-00C04F79EFBC}") = "Szamologep", "Szamologep\Szamologep.csproj", "{E70CF534-02FF-4304-8389-40A7930F5C1C}"
EndProject
Project("{FAE04EC0-301F-11D3-BF4B-00C04F79EFBC}") = "gyakorlas", "gyakorlas\gyakorlas.csproj", "{402FE41B-0D0E-43E4-BA6C-D8A062376445}"
EndProject
Project("{FAE04EC0-301F-11D3-BF4B-00C04F79EFBC}") = "TestTomegIndex", "TestTomegIndex\TestTomegIndex.csproj", "{5FAC7C64-D1AF-4053-B8BF-157D24C230A4}"
EndProject
Project("{FAE04EC0-301F-11D3-BF4B-00C04F79EFBC}") = "VizGozJeg", "VizGozJeg\VizGozJeg.csproj", "{66C27267-6A9B-46F2-8549-A12AF027BD0C}"
EndProject
Project("{FAE04EC0-301F-11D3-BF4B-00C04F79EFBC}") = "MezogazdasagiJoslas", "MezogazdasagiJoslas\MezogazdasagiJoslas.csproj", "{153832D6-6512-4938-BA88-6FF51E3F4C7A}"
EndProject
Project("{FAE04EC0-301F-11D3-BF4B-00C04F79EFBC}") = "Homerseklet", "Homerseklet\Homerseklet.csproj", "{6DBF3893-656F-41EB-BFCA-CD3372E0A416}"
EndProject
Global
	GlobalSection(SolutionConfigurationPlatforms) = preSolution
		Debug|Any CPU = Debug|Any CPU
		Release|Any CPU = Release|Any CPU
	EndGlobalSection
	GlobalSection(ProjectConfigurationPlatforms) = postSolution
		{96D47B0F-D307-478E-ACA4-B29ED1C18933}.Debug|Any CPU.ActiveCfg = Debug|Any CPU
		{96D47B0F-D307-478E-ACA4-B29ED1C18933}.Debug|Any CPU.Build.0 = Debug|Any CPU
		{96D47B0F-D307-478E-ACA4-B29ED1C18933}.Release|Any CPU.ActiveCfg = Release|Any CPU
		{96D47B0F-D307-478E-ACA4-B29ED1C18933}.Release|Any CPU.Build.0 = Release|Any CPU
		{69B8D901-CB07-47C2-B2D3-647642C60240}.Debug|Any CPU.ActiveCfg = Debug|Any CPU
		{69B8D901-CB07-47C2-B2D3-647642C60240}.Debug|Any CPU.Build.0 = Debug|Any CPU
		{69B8D901-CB07-47C2-B2D3-647642C60240}.Release|Any CPU.ActiveCfg = Release|Any CPU
		{69B8D901-CB07-47C2-B2D3-647642C60240}.Release|Any CPU.Build.0 = Release|Any CPU
		{4C473777-BE6F-4594-9FB1-EC1F338F93A0}.Debug|Any CPU.ActiveCfg = Debug|Any CPU
		{4C473777-BE6F-4594-9FB1-EC1F338F93A0}.Debug|Any CPU.Build.0 = Debug|Any CPU
		{4C473777-BE6F-4594-9FB1-EC1F338F93A0}.Release|Any CPU.ActiveCfg = Release|Any CPU
		{4C473777-BE6F-4594-9FB1-EC1F338F93A0}.Release|Any CPU.Build.0 = Release|Any CPU
		{2B5F81BF-B08B-4828-91A6-4D187E233FA5}.Debug|Any CPU.ActiveCfg = Debug|Any CPU
		{2B5F81BF-B08B-4828-91A6-4D187E233FA5}.Debug|Any CPU.Build.0 = Debug|Any CPU
		{2B5F81BF-B08B-4828-91A6-4D187E233FA5}.Release|Any CPU.ActiveCfg = Release|Any CPU
		{2B5F81BF-B08B-4828-91A6-4D187E233FA5}.Release|Any CPU.Build.0 = Release|Any CPU
		{E70CF534-02FF-4304-8389-40A7930F5C1C}.Debug|Any CPU.ActiveCfg = Debug|Any CPU
		{E70CF534-02FF-4304-8389-40A7930F5C1C}.Debug|Any CPU.Build.0 = Debug|Any CPU
		{E70CF534-02FF-4304-8389-40A7930F5C1C}.Release|Any CPU.ActiveCfg = Release|Any CPU
		{E70CF534-02FF-4304-8389-40A7930F5C1C}.Release|Any CPU.Build.0 = Release|Any CPU
		{402FE41B-0D0E-43E4-BA6C-D8A062376445}.Debug|Any CPU.ActiveCfg = Debug|Any CPU
		{402FE41B-0D0E-43E4-BA6C-D8A062376445}.Debug|Any CPU.Build.0 = Debug|Any CPU
		{402FE41B-0D0E-43E4-BA6C-D8A062376445}.Release|Any CPU.ActiveCfg = Release|Any CPU
		{402FE41B-0D0E-43E4-BA6C-D8A062376445}.Release|Any CPU.Build.0 = Release|Any CPU
		{5FAC7C64-D1AF-4053-B8BF-157D24C230A4}.Debug|Any CPU.ActiveCfg = Debug|Any CPU
		{5FAC7C64-D1AF-4053-B8BF-157D24C230A4}.Debug|Any CPU.Build.0 = Debug|Any CPU
		{5FAC7C64-D1AF-4053-B8BF-157D24C230A4}.Release|Any CPU.ActiveCfg = Release|Any CPU
		{5FAC7C64-D1AF-4053-B8BF-157D24C230A4}.Release|Any CPU.Build.0 = Release|Any CPU
		{66C27267-6A9B-46F2-8549-A12AF027BD0C}.Debug|Any CPU.ActiveCfg = Debug|Any CPU
		{66C27267-6A9B-46F2-8549-A12AF027BD0C}.Debug|Any CPU.Build.0 = Debug|Any CPU
		{66C27267-6A9B-46F2-8549-A12AF027BD0C}.Release|Any CPU.ActiveCfg = Release|Any CPU
		{66C27267-6A9B-46F2-8549-A12AF027BD0C}.Release|Any CPU.Build.0 = Release|Any CPU
		{153832D6-6512-4938-BA88-6FF51E3F4C7A}.Debug|Any CPU.ActiveCfg = Debug|Any CPU
		{153832D6-6512-4938-BA88-6FF51E3F4C7A}.Debug|Any CPU.Build.0 = Debug|Any CPU
		{153832D6-6512-4938-BA88-6FF51E3F4C7A}.Release|Any CPU.ActiveCfg = Release|Any CPU
		{153832D6-6512-4938-BA88-6FF51E3F4C7A}.Release|Any CPU.Build.0 = Release|Any CPU
		{6DBF3893-656F-41EB-BFCA-CD3372E0A416}.Debug|Any CPU.ActiveCfg = Debug|Any CPU
		{6DBF3893-656F-41EB-BFCA-CD3372E0A416}.Debug|Any CPU.Build.0 = Debug|Any CPU
		{6DBF3893-656F-41EB-BFCA-CD3372E0A416}.Release|Any CPU.ActiveCfg = Release|Any CPU
		{6DBF3893-656F-41EB-BFCA-CD3372E0A416}.Release|Any CPU.Build.0 = Release|Any CPU
	EndGlobalSection
	GlobalSection(SolutionProperties) = preSolution
		HideSolutionNode = FALSE
	EndGlobalSection
	GlobalSection(ExtensibilityGlobals) = postSolution
		SolutionGuid = {5A0ED3EA-93C6-481D-A7F8-C9152B0E3105}
	EndGlobalSection
EndGlobal
