
Microsoft Visual Studio Solution File, Format Version 12.00
# Visual Studio Version 16
VisualStudioVersion = 16.0.31702.278
MinimumVisualStudioVersion = 10.0.40219.1
Project("{FAE04EC0-301F-11D3-BF4B-00C04F79EFBC}") = "HelloWorld", "HelloWorld\HelloWorld.csproj", "{96D47B0F-D307-478E-ACA4-B29ED1C18933}"
EndProject
Project("{FAE04EC0-301F-11D3-BF4B-00C04F79EFBC}") = "szorzoTabla", "szorzoTabla\szorzoTabla.csproj", "{69B8D901-CB07-47C2-B2D3-647642C60240}"
EndProject
Project("{FAE04EC0-301F-11D3-BF4B-00C04F79EFBC}") = "KoPapirOllo", "KoPapirOllo\KoPapirOllo.csproj", "{4C473777-BE6F-4594-9FB1-EC1F338F93A0}"
EndProject
Project("{FAE04EC0-301F-11D3-BF4B-00C04F79EFBC}") = "Szamkitalalo", "Szamkitalalo\Szamkitalalo.csproj", "{2B5F81BF-B08B-4828-91A6-4D187E233FA5}"
EndProject
Project("{FAE04EC0-301F-11D3-BF4B-00C04F79EFBC}") = "Szamologep", "Szamologep\Szamologep.csproj", "{E70CF534-02FF-4304-8389-40A7930F5C1C}"
EndProject
Project("{FAE04EC0-301F-11D3-BF4B-00C04F79EFBC}") = "gyakorlas", "gyakorlas\gyakorlas.csproj", "{402FE41B-0D0E-43E4-BA6C-D8A062376445}"
EndProject
Project("{FAE04EC0-301F-11D3-BF4B-00C04F79EFBC}") = "TestTomegIndex", "TestTomegIndex\TestTomegIndex.csproj", "{5FAC7C64-D1AF-4053-B8BF-157D24C230A4}"
EndProject
Project("{FAE04EC0-301F-11D3-BF4B-00C04F79EFBC}") = "VizGozJeg", "VizGozJeg\VizGozJeg.csproj", "{66C27267-6A9B-46F2-8549-A12AF027BD0C}"
EndProject
Project("{FAE04EC0-301F-11D3-BF4B-00C04F79EFBC}") = "MezogazdasagiJoslas", "MezogazdasagiJoslas\MezogazdasagiJoslas.csproj", "{153832D6-6512-4938-BA88-6FF51E3F4C7A}"
EndProject
Project("{FAE04EC0-301F-11D3-BF4B-00C04F79EFBC}") = "Homerseklet", "Homerseklet\Homerseklet.csproj", "{8D963938-4543-4AA7-A598-72319D948E0A}"
EndProject
Project("{FAE04EC0-301F-11D3-BF4B-00C04F79EFBC}") = "Array1", "Array1\Array1.csproj", "{11B267B6-D30A-4D52-80E1-BE38A33A2864}"
EndProject
Project("{FAE04EC0-301F-11D3-BF4B-00C04F79EFBC}") = "Hengerv2", "Hengerv2\Hengerv2.csproj", "{18C1B388-2583-4DC6-BDF6-C64F36746B47}"
EndProject
Project("{FAE04EC0-301F-11D3-BF4B-00C04F79EFBC}") = "Hengerv2Teszt", "Hengerv2Teszt\Hengerv2Teszt.csproj", "{76AC36A0-6ECF-49B9-9CD6-4C3D448FE8AC}"
EndProject
Project("{FAE04EC0-301F-11D3-BF4B-00C04F79EFBC}") = "Csempezesv2", "Csempezesv2\Csempezesv2.csproj", "{683F52FA-57E1-42B6-B1AE-2026969559BB}"
EndProject
Project("{FAE04EC0-301F-11D3-BF4B-00C04F79EFBC}") = "Csempezesv2_teszt", "Csempezesv2_teszt\Csempezesv2_teszt.csproj", "{4B5D7C1E-655E-4C72-9D07-C4444B9F80E9}"
EndProject
Project("{FAE04EC0-301F-11D3-BF4B-00C04F79EFBC}") = "ElsoForm_v2", "ElsoForm_v2\ElsoForm_v2.csproj", "{AD03097E-9F15-4625-897F-3857F70F999F}"
EndProject
Project("{FAE04EC0-301F-11D3-BF4B-00C04F79EFBC}") = "KalkulatorUt", "KalkulatorUt\KalkulatorUt.csproj", "{328648A5-29ED-4DBD-A852-A83DD372C138}"
EndProject
Project("{FAE04EC0-301F-11D3-BF4B-00C04F79EFBC}") = "Kalkulator", "Kalkulator\Kalkulator.csproj", "{387C361B-89FF-463C-AE9D-059D0E515A9B}"
EndProject
Project("{FAE04EC0-301F-11D3-BF4B-00C04F79EFBC}") = "minMax", "minMax\minMax.csproj", "{FE708240-8A85-41F5-A0A3-302674C55FA1}"
EndProject
Project("{FAE04EC0-301F-11D3-BF4B-00C04F79EFBC}") = "MinMaxUt", "MinMaxUt\MinMaxUt.csproj", "{6AF3C820-7235-4D0D-B490-D5D4CF5F6FF5}"
EndProject
Project("{FAE04EC0-301F-11D3-BF4B-00C04F79EFBC}") = "Sziget", "Sziget\Sziget.csproj", "{C4FF01B7-EEE9-4372-9954-05B155B21DE6}"
EndProject
Project("{FAE04EC0-301F-11D3-BF4B-00C04F79EFBC}") = "KepetForgat", "KepetForgat\KepetForgat.csproj", "{D419905C-1C77-49D1-9016-EE08B0AAAD25}"
EndProject
Global
	GlobalSection(SolutionConfigurationPlatforms) = preSolution
		Debug|Any CPU = Debug|Any CPU
		Release|Any CPU = Release|Any CPU
	EndGlobalSection
	GlobalSection(ProjectConfigurationPlatforms) = postSolution
		{96D47B0F-D307-478E-ACA4-B29ED1C18933}.Debug|Any CPU.ActiveCfg = Debug|Any CPU
		{96D47B0F-D307-478E-ACA4-B29ED1C18933}.Debug|Any CPU.Build.0 = Debug|Any CPU
		{96D47B0F-D307-478E-ACA4-B29ED1C18933}.Release|Any CPU.ActiveCfg = Release|Any CPU
		{96D47B0F-D307-478E-ACA4-B29ED1C18933}.Release|Any CPU.Build.0 = Release|Any CPU
		{69B8D901-CB07-47C2-B2D3-647642C60240}.Debug|Any CPU.ActiveCfg = Debug|Any CPU
		{69B8D901-CB07-47C2-B2D3-647642C60240}.Debug|Any CPU.Build.0 = Debug|Any CPU
		{69B8D901-CB07-47C2-B2D3-647642C60240}.Release|Any CPU.ActiveCfg = Release|Any CPU
		{69B8D901-CB07-47C2-B2D3-647642C60240}.Release|Any CPU.Build.0 = Release|Any CPU
		{4C473777-BE6F-4594-9FB1-EC1F338F93A0}.Debug|Any CPU.ActiveCfg = Debug|Any CPU
		{4C473777-BE6F-4594-9FB1-EC1F338F93A0}.Debug|Any CPU.Build.0 = Debug|Any CPU
		{4C473777-BE6F-4594-9FB1-EC1F338F93A0}.Release|Any CPU.ActiveCfg = Release|Any CPU
		{4C473777-BE6F-4594-9FB1-EC1F338F93A0}.Release|Any CPU.Build.0 = Release|Any CPU
		{2B5F81BF-B08B-4828-91A6-4D187E233FA5}.Debug|Any CPU.ActiveCfg = Debug|Any CPU
		{2B5F81BF-B08B-4828-91A6-4D187E233FA5}.Debug|Any CPU.Build.0 = Debug|Any CPU
		{2B5F81BF-B08B-4828-91A6-4D187E233FA5}.Release|Any CPU.ActiveCfg = Release|Any CPU
		{2B5F81BF-B08B-4828-91A6-4D187E233FA5}.Release|Any CPU.Build.0 = Release|Any CPU
		{E70CF534-02FF-4304-8389-40A7930F5C1C}.Debug|Any CPU.ActiveCfg = Debug|Any CPU
		{E70CF534-02FF-4304-8389-40A7930F5C1C}.Debug|Any CPU.Build.0 = Debug|Any CPU
		{E70CF534-02FF-4304-8389-40A7930F5C1C}.Release|Any CPU.ActiveCfg = Release|Any CPU
		{E70CF534-02FF-4304-8389-40A7930F5C1C}.Release|Any CPU.Build.0 = Release|Any CPU
		{402FE41B-0D0E-43E4-BA6C-D8A062376445}.Debug|Any CPU.ActiveCfg = Debug|Any CPU
		{402FE41B-0D0E-43E4-BA6C-D8A062376445}.Debug|Any CPU.Build.0 = Debug|Any CPU
		{402FE41B-0D0E-43E4-BA6C-D8A062376445}.Release|Any CPU.ActiveCfg = Release|Any CPU
		{402FE41B-0D0E-43E4-BA6C-D8A062376445}.Release|Any CPU.Build.0 = Release|Any CPU
		{5FAC7C64-D1AF-4053-B8BF-157D24C230A4}.Debug|Any CPU.ActiveCfg = Debug|Any CPU
		{5FAC7C64-D1AF-4053-B8BF-157D24C230A4}.Debug|Any CPU.Build.0 = Debug|Any CPU
		{5FAC7C64-D1AF-4053-B8BF-157D24C230A4}.Release|Any CPU.ActiveCfg = Release|Any CPU
		{5FAC7C64-D1AF-4053-B8BF-157D24C230A4}.Release|Any CPU.Build.0 = Release|Any CPU
		{66C27267-6A9B-46F2-8549-A12AF027BD0C}.Debug|Any CPU.ActiveCfg = Debug|Any CPU
		{66C27267-6A9B-46F2-8549-A12AF027BD0C}.Debug|Any CPU.Build.0 = Debug|Any CPU
		{66C27267-6A9B-46F2-8549-A12AF027BD0C}.Release|Any CPU.ActiveCfg = Release|Any CPU
		{66C27267-6A9B-46F2-8549-A12AF027BD0C}.Release|Any CPU.Build.0 = Release|Any CPU
		{153832D6-6512-4938-BA88-6FF51E3F4C7A}.Debug|Any CPU.ActiveCfg = Debug|Any CPU
		{153832D6-6512-4938-BA88-6FF51E3F4C7A}.Debug|Any CPU.Build.0 = Debug|Any CPU
		{153832D6-6512-4938-BA88-6FF51E3F4C7A}.Release|Any CPU.ActiveCfg = Release|Any CPU
		{153832D6-6512-4938-BA88-6FF51E3F4C7A}.Release|Any CPU.Build.0 = Release|Any CPU
		{8D963938-4543-4AA7-A598-72319D948E0A}.Debug|Any CPU.ActiveCfg = Debug|Any CPU
		{8D963938-4543-4AA7-A598-72319D948E0A}.Debug|Any CPU.Build.0 = Debug|Any CPU
		{8D963938-4543-4AA7-A598-72319D948E0A}.Release|Any CPU.ActiveCfg = Release|Any CPU
		{8D963938-4543-4AA7-A598-72319D948E0A}.Release|Any CPU.Build.0 = Release|Any CPU
		{11B267B6-D30A-4D52-80E1-BE38A33A2864}.Debug|Any CPU.ActiveCfg = Debug|Any CPU
		{11B267B6-D30A-4D52-80E1-BE38A33A2864}.Debug|Any CPU.Build.0 = Debug|Any CPU
		{11B267B6-D30A-4D52-80E1-BE38A33A2864}.Release|Any CPU.ActiveCfg = Release|Any CPU
		{11B267B6-D30A-4D52-80E1-BE38A33A2864}.Release|Any CPU.Build.0 = Release|Any CPU
		{18C1B388-2583-4DC6-BDF6-C64F36746B47}.Debug|Any CPU.ActiveCfg = Debug|Any CPU
		{18C1B388-2583-4DC6-BDF6-C64F36746B47}.Debug|Any CPU.Build.0 = Debug|Any CPU
		{18C1B388-2583-4DC6-BDF6-C64F36746B47}.Release|Any CPU.ActiveCfg = Release|Any CPU
		{18C1B388-2583-4DC6-BDF6-C64F36746B47}.Release|Any CPU.Build.0 = Release|Any CPU
		{76AC36A0-6ECF-49B9-9CD6-4C3D448FE8AC}.Debug|Any CPU.ActiveCfg = Debug|Any CPU
		{76AC36A0-6ECF-49B9-9CD6-4C3D448FE8AC}.Debug|Any CPU.Build.0 = Debug|Any CPU
		{76AC36A0-6ECF-49B9-9CD6-4C3D448FE8AC}.Release|Any CPU.ActiveCfg = Release|Any CPU
		{76AC36A0-6ECF-49B9-9CD6-4C3D448FE8AC}.Release|Any CPU.Build.0 = Release|Any CPU
		{683F52FA-57E1-42B6-B1AE-2026969559BB}.Debug|Any CPU.ActiveCfg = Debug|Any CPU
		{683F52FA-57E1-42B6-B1AE-2026969559BB}.Debug|Any CPU.Build.0 = Debug|Any CPU
		{683F52FA-57E1-42B6-B1AE-2026969559BB}.Release|Any CPU.ActiveCfg = Release|Any CPU
		{683F52FA-57E1-42B6-B1AE-2026969559BB}.Release|Any CPU.Build.0 = Release|Any CPU
		{4B5D7C1E-655E-4C72-9D07-C4444B9F80E9}.Debug|Any CPU.ActiveCfg = Debug|Any CPU
		{4B5D7C1E-655E-4C72-9D07-C4444B9F80E9}.Debug|Any CPU.Build.0 = Debug|Any CPU
		{4B5D7C1E-655E-4C72-9D07-C4444B9F80E9}.Release|Any CPU.ActiveCfg = Release|Any CPU
		{4B5D7C1E-655E-4C72-9D07-C4444B9F80E9}.Release|Any CPU.Build.0 = Release|Any CPU
		{AD03097E-9F15-4625-897F-3857F70F999F}.Debug|Any CPU.ActiveCfg = Debug|Any CPU
		{AD03097E-9F15-4625-897F-3857F70F999F}.Debug|Any CPU.Build.0 = Debug|Any CPU
		{AD03097E-9F15-4625-897F-3857F70F999F}.Release|Any CPU.ActiveCfg = Release|Any CPU
		{AD03097E-9F15-4625-897F-3857F70F999F}.Release|Any CPU.Build.0 = Release|Any CPU
		{328648A5-29ED-4DBD-A852-A83DD372C138}.Debug|Any CPU.ActiveCfg = Debug|Any CPU
		{328648A5-29ED-4DBD-A852-A83DD372C138}.Debug|Any CPU.Build.0 = Debug|Any CPU
		{328648A5-29ED-4DBD-A852-A83DD372C138}.Release|Any CPU.ActiveCfg = Release|Any CPU
		{328648A5-29ED-4DBD-A852-A83DD372C138}.Release|Any CPU.Build.0 = Release|Any CPU
		{387C361B-89FF-463C-AE9D-059D0E515A9B}.Debug|Any CPU.ActiveCfg = Debug|Any CPU
		{387C361B-89FF-463C-AE9D-059D0E515A9B}.Debug|Any CPU.Build.0 = Debug|Any CPU
		{387C361B-89FF-463C-AE9D-059D0E515A9B}.Release|Any CPU.ActiveCfg = Release|Any CPU
		{387C361B-89FF-463C-AE9D-059D0E515A9B}.Release|Any CPU.Build.0 = Release|Any CPU
		{FE708240-8A85-41F5-A0A3-302674C55FA1}.Debug|Any CPU.ActiveCfg = Debug|Any CPU
		{FE708240-8A85-41F5-A0A3-302674C55FA1}.Debug|Any CPU.Build.0 = Debug|Any CPU
		{FE708240-8A85-41F5-A0A3-302674C55FA1}.Release|Any CPU.ActiveCfg = Release|Any CPU
		{FE708240-8A85-41F5-A0A3-302674C55FA1}.Release|Any CPU.Build.0 = Release|Any CPU
		{6AF3C820-7235-4D0D-B490-D5D4CF5F6FF5}.Debug|Any CPU.ActiveCfg = Debug|Any CPU
		{6AF3C820-7235-4D0D-B490-D5D4CF5F6FF5}.Debug|Any CPU.Build.0 = Debug|Any CPU
		{6AF3C820-7235-4D0D-B490-D5D4CF5F6FF5}.Release|Any CPU.ActiveCfg = Release|Any CPU
		{6AF3C820-7235-4D0D-B490-D5D4CF5F6FF5}.Release|Any CPU.Build.0 = Release|Any CPU
		{C4FF01B7-EEE9-4372-9954-05B155B21DE6}.Debug|Any CPU.ActiveCfg = Debug|Any CPU
		{C4FF01B7-EEE9-4372-9954-05B155B21DE6}.Debug|Any CPU.Build.0 = Debug|Any CPU
		{C4FF01B7-EEE9-4372-9954-05B155B21DE6}.Release|Any CPU.ActiveCfg = Release|Any CPU
		{C4FF01B7-EEE9-4372-9954-05B155B21DE6}.Release|Any CPU.Build.0 = Release|Any CPU
		{D419905C-1C77-49D1-9016-EE08B0AAAD25}.Debug|Any CPU.ActiveCfg = Debug|Any CPU
		{D419905C-1C77-49D1-9016-EE08B0AAAD25}.Debug|Any CPU.Build.0 = Debug|Any CPU
		{D419905C-1C77-49D1-9016-EE08B0AAAD25}.Release|Any CPU.ActiveCfg = Release|Any CPU
		{D419905C-1C77-49D1-9016-EE08B0AAAD25}.Release|Any CPU.Build.0 = Release|Any CPU
	EndGlobalSection
	GlobalSection(SolutionProperties) = preSolution
		HideSolutionNode = FALSE
	EndGlobalSection
	GlobalSection(ExtensibilityGlobals) = postSolution
		SolutionGuid = {5A0ED3EA-93C6-481D-A7F8-C9152B0E3105}
	EndGlobalSection
EndGlobal
