
Microsoft Visual Studio Solution File, Format Version 12.00
# Visual Studio Version 16
VisualStudioVersion = 16.0.31702.278
MinimumVisualStudioVersion = 10.0.40219.1
Project("{FAE04EC0-301F-11D3-BF4B-00C04F79EFBC}") = "HelloWorld", "HelloWorld\HelloWorld.csproj", "{96D47B0F-D307-478E-ACA4-B29ED1C18933}"
EndProject
Global
	GlobalSection(SolutionConfigurationPlatforms) = preSolution
		Debug|Any CPU = Debug|Any CPU
		Release|Any CPU = Release|Any CPU
	EndGlobalSection
	GlobalSection(ProjectConfigurationPlatforms) = postSolution
		{96D47B0F-D307-478E-ACA4-B29ED1C18933}.Debug|Any CPU.ActiveCfg = Debug|Any CPU
		{96D47B0F-D307-478E-ACA4-B29ED1C18933}.Debug|Any CPU.Build.0 = Debug|Any CPU
		{96D47B0F-D307-478E-ACA4-B29ED1C18933}.Release|Any CPU.ActiveCfg = Release|Any CPU
		{96D47B0F-D307-478E-ACA4-B29ED1C18933}.Release|Any CPU.Build.0 = Release|Any CPU
	EndGlobalSection
	GlobalSection(SolutionProperties) = preSolution
		HideSolutionNode = FALSE
	EndGlobalSection
	GlobalSection(ExtensibilityGlobals) = postSolution
		SolutionGuid = {5A0ED3EA-93C6-481D-A7F8-C9152B0E3105}
	EndGlobalSection
EndGlobal
